<Solution>
  <Project Path="c#基础/c#基础.csproj" />
  <Project Path="study_20261005/study_20261005.csproj" />
  <Project Path="study_20261007/study_20261007.csproj" Id="1227eb30-112d-424e-82ca-ac620d61024e" />
  <Project Path="study_20261010/study_20261010.csproj" Id="68c9145d-acab-42a5-ad46-c2844e5d8c49" />
</Solution>
